// !$*UTF8*$!
{
	archiveVersion = 1;
	classes = {
	};
	objectVersion = 50;
	objects = {

/* Begin PBXBuildFile section */
		E9EDDACC21F98D630015A655 /* AppDelegate.swift in Sources */ = {isa = PBXBuildFile; fileRef = E9EDDACB21F98D630015A655 /* AppDelegate.swift */; };
		E9EDDACE21F98D630015A655 /* ViewController.swift in Sources */ = {isa = PBXBuildFile; fileRef = E9EDDACD21F98D630015A655 /* ViewController.swift */; };
		E9EDDAD121F98D630015A655 /* Main.storyboard in Resources */ = {isa = PBXBuildFile; fileRef = E9EDDACF21F98D630015A655 /* Main.storyboard */; };
		E9EDDAD321F98D640015A655 /* Assets.xcassets in Resources */ = {isa = PBXBuildFile; fileRef = E9EDDAD221F98D640015A655 /* Assets.xcassets */; };
		E9EDDAD621F98D640015A655 /* LaunchScreen.storyboard in Resources */ = {isa = PBXBuildFile; fileRef = E9EDDAD421F98D640015A655 /* LaunchScreen.storyboard */; };
		E9EDDAE121F98D640015A655 /* FastlaneTestTests.swift in Sources */ = {isa = PBXBuildFile; fileRef = E9EDDAE021F98D640015A655 /* FastlaneTestTests.swift */; };
		E9EDDAEC21F98D640015A655 /* FastlaneTestUITests.swift in Sources */ = {isa = PBXBuildFile; fileRef = E9EDDAEB21F98D640015A655 /* FastlaneTestUITests.swift */; };
/* End PBXBuildFile section */

/* Begin PBXContainerItemProxy section */
		E9EDDADD21F98D640015A655 /* PBXContainerItemProxy */ = {
			isa = PBXContainerItemProxy;
			containerPortal = E9EDDAC021F98D630015A655 /* Project object */;
			proxyType = 1;
			remoteGlobalIDString = E9EDDAC721F98D630015A655;
			remoteInfo = FastlaneTest;
		};
		E9EDDAE821F98D640015A655 /* PBXContainerItemProxy */ = {
			isa = PBXContainerItemProxy;
			containerPortal = E9EDDAC021F98D630015A655 /* Project object */;
			proxyType = 1;
			remoteGlobalIDString = E9EDDAC721F98D630015A655;
			remoteInfo = FastlaneTest;
		};
/* End PBXContainerItemProxy section */

/* Begin PBXFileReference section */
		E9EDDAC821F98D630015A655 /* FastlaneTest.app */ = {isa = PBXFileReference; explicitFileType = wrapper.application; includeInIndex = 0; path = FastlaneTest.app; sourceTree = BUILT_PRODUCTS_DIR; };
		E9EDDACB21F98D630015A655 /* AppDelegate.swift */ = {isa = PBXFileReference; lastKnownFileType = sourcecode.swift; path = AppDelegate.swift; sourceTree = "<group>"; };
		E9EDDACD21F98D630015A655 /* ViewController.swift */ = {isa = PBXFileReference; lastKnownFileType = sourcecode.swift; path = ViewController.swift; sourceTree = "<group>"; };
		E9EDDAD021F98D630015A655 /* Base */ = {isa = PBXFileReference; lastKnownFileType = file.storyboard; name = Base; path = Base.lproj/Main.storyboard; sourceTree = "<group>"; };
		E9EDDAD221F98D640015A655 /* Assets.xcassets */ = {isa = PBXFileReference; lastKnownFileType = folder.assetcatalog; path = Assets.xcassets; sourceTree = "<group>"; };
		E9EDDAD521F98D640015A655 /* Base */ = {isa = PBXFileReference; lastKnownFileType = file.storyboard; name = Base; path = Base.lproj/LaunchScreen.storyboard; sourceTree = "<group>"; };
		E9EDDAD721F98D640015A655 /* Info.plist */ = {isa = PBXFileReference; lastKnownFileType = text.plist.xml; path = Info.plist; sourceTree = "<group>"; };
		E9EDDADC21F98D640015A655 /* FastlaneTestTests.xctest */ = {isa = PBXFileReference; explicitFileType = wrapper.cfbundle; includeInIndex = 0; path = FastlaneTestTests.xctest; sourceTree = BUILT_PRODUCTS_DIR; };
		E9EDDAE021F98D640015A655 /* FastlaneTestTests.swift */ = {isa = PBXFileReference; lastKnownFileType = sourcecode.swift; path = FastlaneTestTests.swift; sourceTree = "<group>"; };
		E9EDDAE221F98D640015A655 /* Info.plist */ = {isa = PBXFileReference; lastKnownFileType = text.plist.xml; path = Info.plist; sourceTree = "<group>"; };
		E9EDDAE721F98D640015A655 /* FastlaneTestUITests.xctest */ = {isa = PBXFileReference; explicitFileType = wrapper.cfbundle; includeInIndex = 0; path = FastlaneTestUITests.xctest; sourceTree = BUILT_PRODUCTS_DIR; };
		E9EDDAEB21F98D640015A655 /* FastlaneTestUITests.swift */ = {isa = PBXFileReference; lastKnownFileType = sourcecode.swift; path = FastlaneTestUITests.swift; sourceTree = "<group>"; };
		E9EDDAED21F98D640015A655 /* Info.plist */ = {isa = PBXFileReference; lastKnownFileType = text.plist.xml; path = Info.plist; sourceTree = "<group>"; };
/* End PBXFileReference section */

/* Begin PBXFrameworksBuildPhase section */
		E9EDDAC521F98D630015A655 /* Frameworks */ = {
			isa = PBXFrameworksBuildPhase;
			buildActionMask = 2147483647;
			files = (
			);
			runOnlyForDeploymentPostprocessing = 0;
		};
		E9EDDAD921F98D640015A655 /* Frameworks */ = {
			isa = PBXFrameworksBuildPhase;
			buildActionMask = 2147483647;
			files = (
			);
			runOnlyForDeploymentPostprocessing = 0;
		};
		E9EDDAE421F98D640015A655 /* Frameworks */ = {
			isa = PBXFrameworksBuildPhase;
			buildActionMask = 2147483647;
			files = (
			);
			runOnlyForDeploymentPostprocessing = 0;
		};
/* End PBXFrameworksBuildPhase section */

/* Begin PBXGroup section */
		E9EDDABF21F98D630015A655 = {
			isa = PBXGroup;
			children = (
				E9EDDACA21F98D630015A655 /* FastlaneTest */,
				E9EDDADF21F98D640015A655 /* FastlaneTestTests */,
				E9EDDAEA21F98D640015A655 /* FastlaneTestUITests */,
				E9EDDAC921F98D630015A655 /* Products */,
			);
			sourceTree = "<group>";
		};
		E9EDDAC921F98D630015A655 /* Products */ = {
			isa = PBXGroup;
			children = (
				E9EDDAC821F98D630015A655 /* FastlaneTest.app */,
				E9EDDADC21F98D640015A655 /* FastlaneTestTests.xctest */,
				E9EDDAE721F98D640015A655 /* FastlaneTestUITests.xctest */,
			);
			name = Products;
			sourceTree = "<group>";
		};
		E9EDDACA21F98D630015A655 /* FastlaneTest */ = {
			isa = PBXGroup;
			children = (
				E9EDDACB21F98D630015A655 /* AppDelegate.swift */,
				E9EDDACD21F98D630015A655 /* ViewController.swift */,
				E9EDDACF21F98D630015A655 /* Main.storyboard */,
				E9EDDAD221F98D640015A655 /* Assets.xcassets */,
				E9EDDAD421F98D640015A655 /* LaunchScreen.storyboard */,
				E9EDDAD721F98D640015A655 /* Info.plist */,
			);
			path = FastlaneTest;
			sourceTree = "<group>";
		};
		E9EDDADF21F98D640015A655 /* FastlaneTestTests */ = {
			isa = PBXGroup;
			children = (
				E9EDDAE021F98D640015A655 /* FastlaneTestTests.swift */,
				E9EDDAE221F98D640015A655 /* Info.plist */,
			);
			path = FastlaneTestTests;
			sourceTree = "<group>";
		};
		E9EDDAEA21F98D640015A655 /* FastlaneTestUITests */ = {
			isa = PBXGroup;
			children = (
				E9EDDAEB21F98D640015A655 /* FastlaneTestUITests.swift */,
				E9EDDAED21F98D640015A655 /* Info.plist */,
			);
			path = FastlaneTestUITests;
			sourceTree = "<group>";
		};
/* End PBXGroup section */

/* Begin PBXNativeTarget section */
		E9EDDAC721F98D630015A655 /* FastlaneTest */ = {
			isa = PBXNativeTarget;
			buildConfigurationList = E9EDDAF021F98D640015A655 /* Build configuration list for PBXNativeTarget "FastlaneTest" */;
			buildPhases = (
				E9EDDAC421F98D630015A655 /* Sources */,
				E9EDDAC521F98D630015A655 /* Frameworks */,
				E9EDDAC621F98D630015A655 /* Resources */,
			);
			buildRules = (
			);
			dependencies = (
			);
			name = FastlaneTest;
			productName = FastlaneTest;
			productReference = E9EDDAC821F98D630015A655 /* FastlaneTest.app */;
			productType = "com.apple.product-type.application";
		};
		E9EDDADB21F98D640015A655 /* FastlaneTestTests */ = {
			isa = PBXNativeTarget;
			buildConfigurationList = E9EDDAF321F98D640015A655 /* Build configuration list for PBXNativeTarget "FastlaneTestTests" */;
			buildPhases = (
				E9EDDAD821F98D640015A655 /* Sources */,
				E9EDDAD921F98D640015A655 /* Frameworks */,
				E9EDDADA21F98D640015A655 /* Resources */,
			);
			buildRules = (
			);
			dependencies = (
				E9EDDADE21F98D640015A655 /* PBXTargetDependency */,
			);
			name = FastlaneTestTests;
			productName = FastlaneTestTests;
			productReference = E9EDDADC21F98D640015A655 /* FastlaneTestTests.xctest */;
			productType = "com.apple.product-type.bundle.unit-test";
		};
		E9EDDAE621F98D640015A655 /* FastlaneTestUITests */ = {
			isa = PBXNativeTarget;
			buildConfigurationList = E9EDDAF621F98D640015A655 /* Build configuration list for PBXNativeTarget "FastlaneTestUITests" */;
			buildPhases = (
				E9EDDAE321F98D640015A655 /* Sources */,
				E9EDDAE421F98D640015A655 /* Frameworks */,
				E9EDDAE521F98D640015A655 /* Resources */,
			);
			buildRules = (
			);
			dependencies = (
				E9EDDAE921F98D640015A655 /* PBXTargetDependency */,
			);
			name = FastlaneTestUITests;
			productName = FastlaneTestUITests;
			productReference = E9EDDAE721F98D640015A655 /* FastlaneTestUITests.xctest */;
			productType = "com.apple.product-type.bundle.ui-testing";
		};
/* End PBXNativeTarget section */

/* Begin PBXProject section */
		E9EDDAC021F98D630015A655 /* Project object */ = {
			isa = PBXProject;
			attributes = {
				LastSwiftUpdateCheck = 1010;
				LastUpgradeCheck = 1010;
				ORGANIZATIONNAME = "Yuni Huang";
				TargetAttributes = {
					E9EDDAC721F98D630015A655 = {
						CreatedOnToolsVersion = 10.1;
					};
					E9EDDADB21F98D640015A655 = {
						CreatedOnToolsVersion = 10.1;
						TestTargetID = E9EDDAC721F98D630015A655;
					};
					E9EDDAE621F98D640015A655 = {
						CreatedOnToolsVersion = 10.1;
						TestTargetID = E9EDDAC721F98D630015A655;
					};
				};
			};
			buildConfigurationList = E9EDDAC321F98D630015A655 /* Build configuration list for PBXProject "FastlaneTest" */;
			compatibilityVersion = "Xcode 9.3";
			developmentRegion = en;
			hasScannedForEncodings = 0;
			knownRegions = (
				en,
				Base,
			);
			mainGroup = E9EDDABF21F98D630015A655;
			productRefGroup = E9EDDAC921F98D630015A655 /* Products */;
			projectDirPath = "";
			projectRoot = "";
			targets = (
				E9EDDAC721F98D630015A655 /* FastlaneTest */,
				E9EDDADB21F98D640015A655 /* FastlaneTestTests */,
				E9EDDAE621F98D640015A655 /* FastlaneTestUITests */,
			);
		};
/* End PBXProject section */

/* Begin PBXResourcesBuildPhase section */
		E9EDDAC621F98D630015A655 /* Resources */ = {
			isa = PBXResourcesBuildPhase;
			buildActionMask = 2147483647;
			files = (
				E9EDDAD621F98D640015A655 /* LaunchScreen.storyboard in Resources */,
				E9EDDAD321F98D640015A655 /* Assets.xcassets in Resources */,
				E9EDDAD121F98D630015A655 /* Main.storyboard in Resources */,
			);
			runOnlyForDeploymentPostprocessing = 0;
		};
		E9EDDADA21F98D640015A655 /* Resources */ = {
			isa = PBXResourcesBuildPhase;
			buildActionMask = 2147483647;
			files = (
			);
			runOnlyForDeploymentPostprocessing = 0;
		};
		E9EDDAE521F98D640015A655 /* Resources */ = {
			isa = PBXResourcesBuildPhase;
			buildActionMask = 2147483647;
			files = (
			);
			runOnlyForDeploymentPostprocessing = 0;
		};
/* End PBXResourcesBuildPhase section */

/* Begin PBXSourcesBuildPhase section */
		E9EDDAC421F98D630015A655 /* Sources */ = {
			isa = PBXSourcesBuildPhase;
			buildActionMask = 2147483647;
			files = (
				E9EDDACE21F98D630015A655 /* ViewController.swift in Sources */,
				E9EDDACC21F98D630015A655 /* AppDelegate.swift in Sources */,
			);
			runOnlyForDeploymentPostprocessing = 0;
		};
		E9EDDAD821F98D640015A655 /* Sources */ = {
			isa = PBXSourcesBuildPhase;
			buildActionMask = 2147483647;
			files = (
				E9EDDAE121F98D640015A655 /* FastlaneTestTests.swift in Sources */,
			);
			runOnlyForDeploymentPostprocessing = 0;
		};
		E9EDDAE321F98D640015A655 /* Sources */ = {
			isa = PBXSourcesBuildPhase;
			buildActionMask = 2147483647;
			files = (
				E9EDDAEC21F98D640015A655 /* FastlaneTestUITests.swift in Sources */,
			);
			runOnlyForDeploymentPostprocessing = 0;
		};
/* End PBXSourcesBuildPhase section */

/* Begin PBXTargetDependency section */
		E9EDDADE21F98D640015A655 /* PBXTargetDependency */ = {
			isa = PBXTargetDependency;
			target = E9EDDAC721F98D630015A655 /* FastlaneTest */;
			targetProxy = E9EDDADD21F98D640015A655 /* PBXContainerItemProxy */;
		};
		E9EDDAE921F98D640015A655 /* PBXTargetDependency */ = {
			isa = PBXTargetDependency;
			target = E9EDDAC721F98D630015A655 /* FastlaneTest */;
			targetProxy = E9EDDAE821F98D640015A655 /* PBXContainerItemProxy */;
		};
/* End PBXTargetDependency section */

/* Begin PBXVariantGroup section */
		E9EDDACF21F98D630015A655 /* Main.storyboard */ = {
			isa = PBXVariantGroup;
			children = (
				E9EDDAD021F98D630015A655 /* Base */,
			);
			name = Main.storyboard;
			sourceTree = "<group>";
		};
		E9EDDAD421F98D640015A655 /* LaunchScreen.storyboard */ = {
			isa = PBXVariantGroup;
			children = (
				E9EDDAD521F98D640015A655 /* Base */,
			);
			name = LaunchScreen.storyboard;
			sourceTree = "<group>";
		};
/* End PBXVariantGroup section */

/* Begin XCBuildConfiguration section */
		E9EDDAEE21F98D640015A655 /* Debug */ = {
			isa = XCBuildConfiguration;
			buildSettings = {
				ALWAYS_SEARCH_USER_PATHS = NO;
				CLANG_ANALYZER_NONNULL = YES;
				CLANG_ANALYZER_NUMBER_OBJECT_CONVERSION = YES_AGGRESSIVE;
				CLANG_CXX_LANGUAGE_STANDARD = "gnu++14";
				CLANG_CXX_LIBRARY = "libc++";
				CLANG_ENABLE_MODULES = YES;
				CLANG_ENABLE_OBJC_ARC = YES;
				CLANG_ENABLE_OBJC_WEAK = YES;
				CLANG_WARN_BLOCK_CAPTURE_AUTORELEASING = YES;
				CLANG_WARN_BOOL_CONVERSION = YES;
				CLANG_WARN_COMMA = YES;
				CLANG_WARN_CONSTANT_CONVERSION = YES;
				CLANG_WARN_DEPRECATED_OBJC_IMPLEMENTATIONS = YES;
				CLANG_WARN_DIRECT_OBJC_ISA_USAGE = YES_ERROR;
				CLANG_WARN_DOCUMENTATION_COMMENTS = YES;
				CLANG_WARN_EMPTY_BODY = YES;
				CLANG_WARN_ENUM_CONVERSION = YES;
				CLANG_WARN_INFINITE_RECURSION = YES;
				CLANG_WARN_INT_CONVERSION = YES;
				CLANG_WARN_NON_LITERAL_NULL_CONVERSION = YES;
				CLANG_WARN_OBJC_IMPLICIT_RETAIN_SELF = YES;
				CLANG_WARN_OBJC_LITERAL_CONVERSION = YES;
				CLANG_WARN_OBJC_ROOT_CLASS = YES_ERROR;
				CLANG_WARN_RANGE_LOOP_ANALYSIS = YES;
				CLANG_WARN_STRICT_PROTOTYPES = YES;
				CLANG_WARN_SUSPICIOUS_MOVE = YES;
				CLANG_WARN_UNGUARDED_AVAILABILITY = YES_AGGRESSIVE;
				CLANG_WARN_UNREACHABLE_CODE = YES;
				CLANG_WARN__DUPLICATE_METHOD_MATCH = YES;
				CODE_SIGN_IDENTITY = "iPhone Developer";
				COPY_PHASE_STRIP = NO;
				DEBUG_INFORMATION_FORMAT = dwarf;
				ENABLE_STRICT_OBJC_MSGSEND = YES;
				ENABLE_TESTABILITY = YES;
				GCC_C_LANGUAGE_STANDARD = gnu11;
				GCC_DYNAMIC_NO_PIC = NO;
				GCC_NO_COMMON_BLOCKS = YES;
				GCC_OPTIMIZATION_LEVEL = 0;
				GCC_PREPROCESSOR_DEFINITIONS = (
					"DEBUG=1",
					"$(inherited)",
				);
				GCC_WARN_64_TO_32_BIT_CONVERSION = YES;
				GCC_WARN_ABOUT_RETURN_TYPE = YES_ERROR;
				GCC_WARN_UNDECLARED_SELECTOR = YES;
				GCC_WARN_UNINITIALIZED_AUTOS = YES_AGGRESSIVE;
				GCC_WARN_UNUSED_FUNCTION = YES;
				GCC_WARN_UNUSED_VARIABLE = YES;
				IPHONEOS_DEPLOYMENT_TARGET = 12.1;
				MTL_ENABLE_DEBUG_INFO = INCLUDE_SOURCE;
				MTL_FAST_MATH = YES;
				ONLY_ACTIVE_ARCH = YES;
				SDKROOT = iphoneos;
				SWIFT_ACTIVE_COMPILATION_CONDITIONS = DEBUG;
				SWIFT_OPTIMIZATION_LEVEL = "-Onone";
			};
			name = Debug;
		};
		E9EDDAEF21F98D640015A655 /* Release */ = {
			isa = XCBuildConfiguration;
			buildSettings = {
				ALWAYS_SEARCH_USER_PATHS = NO;
				CLANG_ANALYZER_NONNULL = YES;
				CLANG_ANALYZER_NUMBER_OBJECT_CONVERSION = YES_AGGRESSIVE;
				CLANG_CXX_LANGUAGE_STANDARD = "gnu++14";
				CLANG_CXX_LIBRARY = "libc++";
				CLANG_ENABLE_MODULES = YES;
				CLANG_ENABLE_OBJC_ARC = YES;
				CLANG_ENABLE_OBJC_WEAK = YES;
				CLANG_WARN_BLOCK_CAPTURE_AUTORELEASING = YES;
				CLANG_WARN_BOOL_CONVERSION = YES;
				CLANG_WARN_COMMA = YES;
				CLANG_WARN_CONSTANT_CONVERSION = YES;
				CLANG_WARN_DEPRECATED_OBJC_IMPLEMENTATIONS = YES;
				CLANG_WARN_DIRECT_OBJC_ISA_USAGE = YES_ERROR;
				CLANG_WARN_DOCUMENTATION_COMMENTS = YES;
				CLANG_WARN_EMPTY_BODY = YES;
				CLANG_WARN_ENUM_CONVERSION = YES;
				CLANG_WARN_INFINITE_RECURSION = YES;
				CLANG_WARN_INT_CONVERSION = YES;
				CLANG_WARN_NON_LITERAL_NULL_CONVERSION = YES;
				CLANG_WARN_OBJC_IMPLICIT_RETAIN_SELF = YES;
				CLANG_WARN_OBJC_LITERAL_CONVERSION = YES;
				CLANG_WARN_OBJC_ROOT_CLASS = YES_ERROR;
				CLANG_WARN_RANGE_LOOP_ANALYSIS = YES;
				CLANG_WARN_STRICT_PROTOTYPES = YES;
				CLANG_WARN_SUSPICIOUS_MOVE = YES;
				CLANG_WARN_UNGUARDED_AVAILABILITY = YES_AGGRESSIVE;
				CLANG_WARN_UNREACHABLE_CODE = YES;
				CLANG_WARN__DUPLICATE_METHOD_MATCH = YES;
				CODE_SIGN_IDENTITY = "iPhone Developer";
				COPY_PHASE_STRIP = NO;
				DEBUG_INFORMATION_FORMAT = "dwarf-with-dsym";
				ENABLE_NS_ASSERTIONS = NO;
				ENABLE_STRICT_OBJC_MSGSEND = YES;
				GCC_C_LANGUAGE_STANDARD = gnu11;
				GCC_NO_COMMON_BLOCKS = YES;
				GCC_WARN_64_TO_32_BIT_CONVERSION = YES;
				GCC_WARN_ABOUT_RETURN_TYPE = YES_ERROR;
				GCC_WARN_UNDECLARED_SELECTOR = YES;
				GCC_WARN_UNINITIALIZED_AUTOS = YES_AGGRESSIVE;
				GCC_WARN_UNUSED_FUNCTION = YES;
				GCC_WARN_UNUSED_VARIABLE = YES;
				IPHONEOS_DEPLOYMENT_TARGET = 12.1;
				MTL_ENABLE_DEBUG_INFO = NO;
				MTL_FAST_MATH = YES;
				SDKROOT = iphoneos;
				SWIFT_COMPILATION_MODE = wholemodule;
				SWIFT_OPTIMIZATION_LEVEL = "-O";
				VALIDATE_PRODUCT = YES;
			};
			name = Release;
		};
		E9EDDAF121F98D640015A655 /* Debug */ = {
			isa = XCBuildConfiguration;
			buildSettings = {
				ASSETCATALOG_COMPILER_APPICON_NAME = AppIcon;
				CODE_SIGN_STYLE = Automatic;
				DEVELOPMENT_TEAM = F679BLNPF4;
				INFOPLIST_FILE = FastlaneTest/Info.plist;
				LD_RUNPATH_SEARCH_PATHS = (
					"$(inherited)",
					"@executable_path/Frameworks",
				);
				PRODUCT_BUNDLE_IDENTIFIER = com.Yuni.FastlaneTest;
				PRODUCT_NAME = "$(TARGET_NAME)";
				SWIFT_VERSION = 4.2;
				TARGETED_DEVICE_FAMILY = "1,2";
			};
			name = Debug;
		};
		E9EDDAF221F98D640015A655 /* Release */ = {
			isa = XCBuildConfiguration;
			buildSettings = {
				ASSETCATALOG_COMPILER_APPICON_NAME = AppIcon;
				CODE_SIGN_STYLE = Automatic;
				DEVELOPMENT_TEAM = F679BLNPF4;
				INFOPLIST_FILE = FastlaneTest/Info.plist;
				LD_RUNPATH_SEARCH_PATHS = (
					"$(inherited)",
					"@executable_path/Frameworks",
				);
				PRODUCT_BUNDLE_IDENTIFIER = com.Yuni.FastlaneTest;
				PRODUCT_NAME = "$(TARGET_NAME)";
				SWIFT_VERSION = 4.2;
				TARGETED_DEVICE_FAMILY = "1,2";
			};
			name = Release;
		};
		E9EDDAF421F98D640015A655 /* Debug */ = {
			isa = XCBuildConfiguration;
			buildSettings = {
				ALWAYS_EMBED_SWIFT_STANDARD_LIBRARIES = YES;
				BUNDLE_LOADER = "$(TEST_HOST)";
				CODE_SIGN_STYLE = Automatic;
				DEVELOPMENT_TEAM = F679BLNPF4;
				INFOPLIST_FILE = FastlaneTestTests/Info.plist;
				LD_RUNPATH_SEARCH_PATHS = (
					"$(inherited)",
					"@executable_path/Frameworks",
					"@loader_path/Frameworks",
				);
				PRODUCT_BUNDLE_IDENTIFIER = com.Yuni.FastlaneTestTests;
				PRODUCT_NAME = "$(TARGET_NAME)";
				SWIFT_VERSION = 4.2;
				TARGETED_DEVICE_FAMILY = "1,2";
				TEST_HOST = "$(BUILT_PRODUCTS_DIR)/FastlaneTest.app/FastlaneTest";
			};
			name = Debug;
		};
		E9EDDAF521F98D640015A655 /* Release */ = {
			isa = XCBuildConfiguration;
			buildSettings = {
				ALWAYS_EMBED_SWIFT_STANDARD_LIBRARIES = YES;
				BUNDLE_LOADER = "$(TEST_HOST)";
				CODE_SIGN_STYLE = Automatic;
				DEVELOPMENT_TEAM = F679BLNPF4;
				INFOPLIST_FILE = FastlaneTestTests/Info.plist;
				LD_RUNPATH_SEARCH_PATHS = (
					"$(inherited)",
					"@executable_path/Frameworks",
					"@loader_path/Frameworks",
				);
				PRODUCT_BUNDLE_IDENTIFIER = com.Yuni.FastlaneTestTests;
				PRODUCT_NAME = "$(TARGET_NAME)";
				SWIFT_VERSION = 4.2;
				TARGETED_DEVICE_FAMILY = "1,2";
				TEST_HOST = "$(BUILT_PRODUCTS_DIR)/FastlaneTest.app/FastlaneTest";
			};
			name = Release;
		};
		E9EDDAF721F98D640015A655 /* Debug */ = {
			isa = XCBuildConfiguration;
			buildSettings = {
				ALWAYS_EMBED_SWIFT_STANDARD_LIBRARIES = YES;
				CODE_SIGN_STYLE = Automatic;
				DEVELOPMENT_TEAM = F679BLNPF4;
				INFOPLIST_FILE = FastlaneTestUITests/Info.plist;
				LD_RUNPATH_SEARCH_PATHS = (
					"$(inherited)",
					"@executable_path/Frameworks",
					"@loader_path/Frameworks",
				);
				PRODUCT_BUNDLE_IDENTIFIER = com.Yuni.FastlaneTestUITests;
				PRODUCT_NAME = "$(TARGET_NAME)";
				SWIFT_VERSION = 4.2;
				TARGETED_DEVICE_FAMILY = "1,2";
				TEST_TARGET_NAME = FastlaneTest;
			};
			name = Debug;
		};
		E9EDDAF821F98D640015A655 /* Release */ = {
			isa = XCBuildConfiguration;
			buildSettings = {
				ALWAYS_EMBED_SWIFT_STANDARD_LIBRARIES = YES;
				CODE_SIGN_STYLE = Automatic;
				DEVELOPMENT_TEAM = F679BLNPF4;
				INFOPLIST_FILE = FastlaneTestUITests/Info.plist;
				LD_RUNPATH_SEARCH_PATHS = (
					"$(inherited)",
					"@executable_path/Frameworks",
					"@loader_path/Frameworks",
				);
				PRODUCT_BUNDLE_IDENTIFIER = com.Yuni.FastlaneTestUITests;
				PRODUCT_NAME = "$(TARGET_NAME)";
				SWIFT_VERSION = 4.2;
				TARGETED_DEVICE_FAMILY = "1,2";
				TEST_TARGET_NAME = FastlaneTest;
			};
			name = Release;
		};
/* End XCBuildConfiguration section */

/* Begin XCConfigurationList section */
		E9EDDAC321F98D630015A655 /* Build configuration list for PBXProject "FastlaneTest" */ = {
			isa = XCConfigurationList;
			buildConfigurations = (
				E9EDDAEE21F98D640015A655 /* Debug */,
				E9EDDAEF21F98D640015A655 /* Release */,
			);
			defaultConfigurationIsVisible = 0;
			defaultConfigurationName = Release;
		};
		E9EDDAF021F98D640015A655 /* Build configuration list for PBXNativeTarget "FastlaneTest" */ = {
			isa = XCConfigurationList;
			buildConfigurations = (
				E9EDDAF121F98D640015A655 /* Debug */,
				E9EDDAF221F98D640015A655 /* Release */,
			);
			defaultConfigurationIsVisible = 0;
			defaultConfigurationName = Release;
		};
		E9EDDAF321F98D640015A655 /* Build configuration list for PBXNativeTarget "FastlaneTestTests" */ = {
			isa = XCConfigurationList;
			buildConfigurations = (
				E9EDDAF421F98D640015A655 /* Debug */,
				E9EDDAF521F98D640015A655 /* Release */,
			);
			defaultConfigurationIsVisible = 0;
			defaultConfigurationName = Release;
		};
		E9EDDAF621F98D640015A655 /* Build configuration list for PBXNativeTarget "FastlaneTestUITests" */ = {
			isa = XCConfigurationList;
			buildConfigurations = (
				E9EDDAF721F98D640015A655 /* Debug */,
				E9EDDAF821F98D640015A655 /* Release */,
			);
			defaultConfigurationIsVisible = 0;
			defaultConfigurationName = Release;
		};
/* End XCConfigurationList section */
	};
	rootObject = E9EDDAC021F98D630015A655 /* Project object */;
}
